{
  "lockfileVersion": 1,
  "configVersion": 1,
  "workspaces": {
    "": {
      "name": "fluentkit-bun-comparison",
      "dependencies": {
        "drizzle-orm": "^1.0.0-rc.4",
        "mitata": "^1.0.34",
      },
    },
  },
  "packages": {
    "drizzle-orm": ["drizzle-orm@1.0.0-rc.4", "", { "peerDependencies": { "@aws-sdk/client-rds-data": ">=3", "@cloudflare/workers-types": ">=4", "@effect/sql-d1": ">=4.0.0-beta.83 || >=4.0.0", "@effect/sql-libsql": ">=4.0.0-beta.83 || >=4.0.0", "@effect/sql-mysql2": ">=4.0.0-beta.83 || >=4.0.0", "@effect/sql-pg": ">=4.0.0-beta.83 || >=4.0.0", "@effect/sql-pglite": ">=4.0.0-beta.83 || >=4.0.0", "@effect/sql-sqlite-bun": ">=4.0.0-beta.83 || >=4.0.0", "@effect/sql-sqlite-do": ">=4.0.0-beta.83 || >=4.0.0", "@effect/sql-sqlite-node": ">=4.0.0-beta.83 || >=4.0.0", "@effect/sql-sqlite-wasm": ">=4.0.0-beta.83 || >=4.0.0", "@electric-sql/pglite": ">=0.2.0", "@libsql/client": ">=0.10.0", "@libsql/client-wasm": ">=0.10.0", "@neondatabase/serverless": ">=0.10.0", "@op-engineering/op-sqlite": ">=2", "@opentelemetry/api": "^1.4.1", "@planetscale/database": ">=1.13", "@sinclair/typebox": ">=0.34.8", "@sqlitecloud/drivers": ">=1.0.653", "@tidbcloud/serverless": "*", "@tursodatabase/database": ">=0.6.0-pre.28 || >=0.6.0", "@tursodatabase/database-common": ">=0.6.0-pre.28 || >=0.6.0", "@tursodatabase/database-wasm": ">=0.6.0-pre.28 || >=0.6.0", "@tursodatabase/serverless": ">=1.1.3", "@tursodatabase/sync": ">=0.6.0-pre.28 || >=0.6.0", "@types/better-sqlite3": "*", "@types/mssql": "^9.1.4", "@types/pg": "*", "@types/sql.js": "*", "@upstash/redis": ">=1.34.7", "@vercel/postgres": ">=0.8.0", "@xata.io/client": "*", "arktype": ">=2.0.0", "better-sqlite3": ">=9.3.0", "bun-types": "*", "effect": ">=4.0.0-beta.83 || >=4.0.0", "expo-sqlite": ">=14.0.0", "mssql": "^11.0.1", "mysql2": ">=2", "pg": ">=8", "postgres": ">=3", "sql.js": ">=1", "sqlite3": ">=5", "typebox": ">=1.0.0", "valibot": ">=1.0.0-beta.7", "zod": "^3.25.0 || ^4.0.0" }, "optionalPeers": ["@aws-sdk/client-rds-data", "@cloudflare/workers-types", "@effect/sql-d1", "@effect/sql-libsql", "@effect/sql-mysql2", "@effect/sql-pg", "@effect/sql-pglite", "@effect/sql-sqlite-bun", "@effect/sql-sqlite-do", "@effect/sql-sqlite-node", "@effect/sql-sqlite-wasm", "@electric-sql/pglite", "@libsql/client", "@libsql/client-wasm", "@neondatabase/serverless", "@op-engineering/op-sqlite", "@opentelemetry/api", "@planetscale/database", "@sinclair/typebox", "@sqlitecloud/drivers", "@tidbcloud/serverless", "@tursodatabase/database", "@tursodatabase/database-common", "@tursodatabase/database-wasm", "@tursodatabase/serverless", "@tursodatabase/sync", "@types/better-sqlite3", "@types/mssql", "@types/pg", "@types/sql.js", "@upstash/redis", "@vercel/postgres", "@xata.io/client", "arktype", "better-sqlite3", "bun-types", "effect", "expo-sqlite", "mssql", "mysql2", "pg", "postgres", "sql.js", "sqlite3", "typebox", "valibot", "zod"] }, "sha512-BT+pf+qoiYHqltoA88Jmf6ilGMXPlpfE0hEJKc2adRtMCAl25Swk/t5gXcWxZNAwdtf3F5gCd2FpeOyP/pT0Hw=="],

    "mitata": ["mitata@1.0.34", "", {}, "sha512-Mc3zrtNBKIMeHSCQ0XqRLo1vbdIx1wvFV9c8NJAiyho6AjNfMY8bVhbS12bwciUdd1t4rj8099CH3N3NFahaUA=="],
  }
}
